<?xml version="1.0" encoding="utf-8"?>
<Project ToolsVersion="4.0" xmlns="http://schemas.microsoft.com/developer/msbuild/2003">
  <ItemGroup>
    <Filter Include="소스 파일">
      <UniqueIdentifier>{4FC737F1-C7A5-4376-A066-2A32D752A2FF}</UniqueIdentifier>
      <Extensions>cpp;c;cc;cxx;c++;def;odl;idl;hpj;bat;asm;asmx</Extensions>
    </Filter>
    <Filter Include="헤더 파일">
      <UniqueIdentifier>{93995380-89BD-4b04-88EB-625FBE52EBFB}</UniqueIdentifier>
      <Extensions>h;hh;hpp;hxx;h++;hm;inl;inc;ipp;xsd</Extensions>
    </Filter>
    <Filter Include="리소스 파일">
      <UniqueIdentifier>{67DA6AB6-F800-4c08-8B7A-83BB121AAD01}</UniqueIdentifier>
      <Extensions>rc;ico;cur;bmp;dlg;rc2;rct;bin;rgs;gif;jpg;jpeg;jpe;resx;tiff;tif;png;wav;mfcribbon-ms</Extensions>
    </Filter>
    <Filter Include="소스 파일\배열 공부">
      <UniqueIdentifier>{21345e95-ae1b-4932-8422-fbb7d2460186}</UniqueIdentifier>
    </Filter>
    <Filter Include="소스 파일\정렬">
      <UniqueIdentifier>{942ae5b5-9e36-4cfd-a9fc-c25b023a76eb}</UniqueIdentifier>
    </Filter>
    <Filter Include="소스 파일\집합">
      <UniqueIdentifier>{5d799690-f354-42d9-8e35-790c1856faab}</UniqueIdentifier>
    </Filter>
    <Filter Include="소스 파일\문자열 검색">
      <UniqueIdentifier>{80ab3893-02df-4be5-9daf-790fd60067cf}</UniqueIdentifier>
    </Filter>
  </ItemGroup>
  <ItemGroup>
    <ClCompile Include="20200921-struct.cpp">
      <Filter>소스 파일</Filter>
    </ClCompile>
    <ClCompile Include="IntStack.h">
      <Filter>소스 파일</Filter>
    </ClCompile>
    <ClCompile Include="IntStack.cpp">
      <Filter>소스 파일</Filter>
    </ClCompile>
    <ClCompile Include="IntStackTest.cpp">
      <Filter>소스 파일</Filter>
    </ClCompile>
    <ClCompile Include="IntQueue.h">
      <Filter>소스 파일</Filter>
    </ClCompile>
    <ClCompile Include="IntQueue.cpp">
      <Filter>소스 파일</Filter>
    </ClCompile>
    <ClCompile Include="IntQueueTest.cpp">
      <Filter>소스 파일</Filter>
    </ClCompile>
    <ClCompile Include="20201016 재귀알고리즘 팩토리얼.cpp">
      <Filter>소스 파일</Filter>
    </ClCompile>
    <ClCompile Include="20201016 재귀알고리즘 유클리드 호제법.cpp">
      <Filter>소스 파일</Filter>
    </ClCompile>
    <ClCompile Include="기본 알고리즘 공부.cpp">
      <Filter>소스 파일</Filter>
    </ClCompile>
    <ClCompile Include="배열 공부%28소수 구하기%29.cpp">
      <Filter>소스 파일\배열 공부</Filter>
    </ClCompile>
    <ClCompile Include="배열 공부%28난수%29.cpp">
      <Filter>소스 파일\배열 공부</Filter>
    </ClCompile>
    <ClCompile Include="배열 공부%28교환%29.cpp">
      <Filter>소스 파일\배열 공부</Filter>
    </ClCompile>
    <ClCompile Include="배열 공부%28진수 변환%29.cpp">
      <Filter>소스 파일\배열 공부</Filter>
    </ClCompile>
    <ClCompile Include="배열 공부 %28소수 구하기 짝수제거%29.cpp">
      <Filter>소스 파일\배열 공부</Filter>
    </ClCompile>
    <ClCompile Include="배열 공부%28소수 구하기 제곱근%29.cpp">
      <Filter>소스 파일\배열 공부</Filter>
    </ClCompile>
    <ClCompile Include="검색 공부.cpp">
      <Filter>소스 파일</Filter>
    </ClCompile>
    <ClCompile Include="20201016 버블 정렬 개선 1.cpp">
      <Filter>소스 파일\정렬</Filter>
    </ClCompile>
    <ClCompile Include="20201016 버블 정렬 개선 2.cpp">
      <Filter>소스 파일\정렬</Filter>
    </ClCompile>
    <ClCompile Include="20201016 버블 정렬.cpp">
      <Filter>소스 파일\정렬</Filter>
    </ClCompile>
    <ClCompile Include="20201019 선택 정렬, 삽입 정렬.cpp">
      <Filter>소스 파일\정렬</Filter>
    </ClCompile>
    <ClCompile Include="20201030 셸 정렬.cpp">
      <Filter>소스 파일\정렬</Filter>
    </ClCompile>
    <ClCompile Include="20201102 퀵 정렬%28메인%29.cpp">
      <Filter>소스 파일\정렬</Filter>
    </ClCompile>
    <ClCompile Include="20201102 퀵 정렬%28배열 나누기%29.cpp">
      <Filter>소스 파일\정렬</Filter>
    </ClCompile>
    <ClCompile Include="20201106 병합 정렬%28병합 프로그램%29.cpp">
      <Filter>소스 파일\정렬</Filter>
    </ClCompile>
    <ClCompile Include="20201109 병합 정렬%28메인%29.cpp">
      <Filter>소스 파일\정렬</Filter>
    </ClCompile>
    <ClCompile Include="20201113 힙 정렬.cpp">
      <Filter>소스 파일\정렬</Filter>
    </ClCompile>
    <ClCompile Include="20201116 도수 정렬.cpp">
      <Filter>소스 파일\정렬</Filter>
    </ClCompile>
    <ClCompile Include="IntSet.h">
      <Filter>소스 파일\집합</Filter>
    </ClCompile>
    <ClCompile Include="IntSet.cpp">
      <Filter>소스 파일\집합</Filter>
    </ClCompile>
    <ClCompile Include="IntSetTest1.cpp">
      <Filter>소스 파일\집합</Filter>
    </ClCompile>
    <ClCompile Include="IntSetTest2.cpp">
      <Filter>소스 파일\집합</Filter>
    </ClCompile>
    <ClCompile Include="202021123 포인터와 문자열.cpp">
      <Filter>소스 파일\문자열 검색</Filter>
    </ClCompile>
    <ClCompile Include="202021123 포인터와 문자열 2.cpp">
      <Filter>소스 파일\문자열 검색</Filter>
    </ClCompile>
    <ClCompile Include="20201123 문자열 길이 검색.cpp">
      <Filter>소스 파일\문자열 검색</Filter>
    </ClCompile>
    <ClCompile Include="20201123 문자열 문자 검색.cpp">
      <Filter>소스 파일\문자열 검색</Filter>
    </ClCompile>
    <ClCompile Include="20201127 문자열 비교 strcmp.cpp">
      <Filter>소스 파일\문자열 검색</Filter>
    </ClCompile>
    <ClCompile Include="BitSet.h">
      <Filter>소스 파일\집합</Filter>
    </ClCompile>
    <ClCompile Include="20201127 strcmp 사용.cpp">
      <Filter>소스 파일\문자열 검색</Filter>
    </ClCompile>
    <ClCompile Include="BitSet.cpp">
      <Filter>소스 파일\집합</Filter>
    </ClCompile>
    <ClCompile Include="BitSetTest.cpp">
      <Filter>소스 파일\집합</Filter>
    </ClCompile>
  </ItemGroup>
</Project>